
Microsoft Visual Studio Solution File, Format Version 12.00
# Visual Studio Version 17
VisualStudioVersion = 17.0.31903.59
MinimumVisualStudioVersion = 10.0.40219.1
Project("{2150E333-8FDC-42A3-9474-1A3956D46DE8}") = "Services", "Services", "{5854FF58-B8C5-05C6-5BF2-ACE42193F22B}"
EndProject
Project("{2150E333-8FDC-42A3-9474-1A3956D46DE8}") = "Submission", "Submission", "{ABCD94AA-3C6C-5AE6-E893-78200D315404}"
EndProject
Project("{FAE04EC0-301F-11D3-BF4B-00C04F79EFBC}") = "Submission.API", "Services\Submission\Submission.API\Submission.API.csproj", "{509238B7-B35A-45ED-AFB9-8EF5CE78294D}"
EndProject
Project("{FAE04EC0-301F-11D3-BF4B-00C04F79EFBC}") = "Submission.Application", "Services\Submission\Submission.Application\Submission.Application.csproj", "{B8F8BBDE-B288-4550-8D5D-97D33E94D831}"
EndProject
Project("{FAE04EC0-301F-11D3-BF4B-00C04F79EFBC}") = "Submission.Domain", "Services\Submission\Submission.Domain\Submission.Domain.csproj", "{D8267687-2E4D-4235-A427-4F8C7A5117AD}"
EndProject
Project("{FAE04EC0-301F-11D3-BF4B-00C04F79EFBC}") = "Submission.Persistence", "Services\Submission\Submission.Persistence\Submission.Persistence.csproj", "{D5E8A01C-727F-4EEC-A84E-1330E99A35E9}"
EndProject
Project("{2150E333-8FDC-42A3-9474-1A3956D46DE8}") = "BuildingBlocks", "BuildingBlocks", "{7266C4A9-E384-DC00-0EB6-47F6002CFBA7}"
EndProject
Project("{FAE04EC0-301F-11D3-BF4B-00C04F79EFBC}") = "Articles.Abstractions", "BuildingBlocks\Articles.Abstractions\Articles.Abstractions.csproj", "{05E0BCCA-351D-408E-8507-CB83F87AE6A3}"
EndProject
Project("{FAE04EC0-301F-11D3-BF4B-00C04F79EFBC}") = "BuildingBlocks.EntityFramework", "BuildingBlocks\BuildingBlocks.EntityFramework\BuildingBlocks.EntityFramework.csproj", "{E61C9D67-ED64-4093-90B3-125F4557CD5D}"
EndProject
Project("{FAE04EC0-301F-11D3-BF4B-00C04F79EFBC}") = "BuildingBlocks.Domain", "BuildingBlocks\BuildingBlocks.Domain\BuildingBlocks.Domain.csproj", "{B74094E6-44CD-4022-9B0B-3F9A1DE72B06}"
EndProject
Project("{FAE04EC0-301F-11D3-BF4B-00C04F79EFBC}") = "BuildingBlocks.MediatR", "BuildingBlocks\BuildingBlocks.MediatR\BuildingBlocks.MediatR.csproj", "{0A2F4E14-7EE5-4B02-B479-DC41F06F65D1}"
EndProject
Project("{FAE04EC0-301F-11D3-BF4B-00C04F79EFBC}") = "BuildingBlocks.Exceptions", "BuildingBlocks\BuildingBlocks.Exceptions\BuildingBlocks.Exceptions.csproj", "{54216538-8B18-4B99-B843-C33785F0DDCD}"
EndProject
Project("{FAE04EC0-301F-11D3-BF4B-00C04F79EFBC}") = "BuildingBlocks.Core", "BuildingBlocks\BuildingBlocks.Core\BuildingBlocks.Core.csproj", "{6FC4F0CE-08FF-473C-8401-E4CBE7379F32}"
EndProject
Project("{FAE04EC0-301F-11D3-BF4B-00C04F79EFBC}") = "Articles.Security", "BuildingBlocks\Articles.Security\Articles.Security.csproj", "{69BDED20-CB52-445B-9073-59E74A5EE0FD}"
EndProject
Project("{FAE04EC0-301F-11D3-BF4B-00C04F79EFBC}") = "BuildingBlocks.AspNetCore", "BuildingBlocks\BuildingBlocks.AspNetCore\BuildingBlocks.AspNetCore.csproj", "{95B236E0-A0C1-45E8-97B1-9835B06C55FA}"
EndProject
Project("{2150E333-8FDC-42A3-9474-1A3956D46DE8}") = "Modules", "Modules", "{CA253913-39DE-BFD0-C9A3-4B7EC6FBDF17}"
EndProject
Project("{2150E333-8FDC-42A3-9474-1A3956D46DE8}") = "FileStorage", "FileStorage", "{75BBB701-86E4-11CD-7151-6ADF65564A7B}"
EndProject
Project("{FAE04EC0-301F-11D3-BF4B-00C04F79EFBC}") = "FileStorage.Contracts", "Modules\FileStorage\FileStorage.Contracts\FileStorage.Contracts.csproj", "{DD2282E4-C1A9-458E-9DEA-DFC4ED746146}"
EndProject
Project("{FAE04EC0-301F-11D3-BF4B-00C04F79EFBC}") = "FileStorage.MongoGridFS", "Modules\FileStorage\FileStorage.MongoGridFS\FileStorage.MongoGridFS.csproj", "{B3102DD6-FBEE-4B11-AAEF-7ECD579F9CAA}"
EndProject
Global
	GlobalSection(SolutionConfigurationPlatforms) = preSolution
		Debug|Any CPU = Debug|Any CPU
		Debug|x64 = Debug|x64
		Debug|x86 = Debug|x86
		Release|Any CPU = Release|Any CPU
		Release|x64 = Release|x64
		Release|x86 = Release|x86
	EndGlobalSection
	GlobalSection(ProjectConfigurationPlatforms) = postSolution
		{509238B7-B35A-45ED-AFB9-8EF5CE78294D}.Debug|Any CPU.ActiveCfg = Debug|Any CPU
		{509238B7-B35A-45ED-AFB9-8EF5CE78294D}.Debug|Any CPU.Build.0 = Debug|Any CPU
		{509238B7-B35A-45ED-AFB9-8EF5CE78294D}.Debug|x64.ActiveCfg = Debug|Any CPU
		{509238B7-B35A-45ED-AFB9-8EF5CE78294D}.Debug|x64.Build.0 = Debug|Any CPU
		{509238B7-B35A-45ED-AFB9-8EF5CE78294D}.Debug|x86.ActiveCfg = Debug|Any CPU
		{509238B7-B35A-45ED-AFB9-8EF5CE78294D}.Debug|x86.Build.0 = Debug|Any CPU
		{509238B7-B35A-45ED-AFB9-8EF5CE78294D}.Release|Any CPU.ActiveCfg = Release|Any CPU
		{509238B7-B35A-45ED-AFB9-8EF5CE78294D}.Release|Any CPU.Build.0 = Release|Any CPU
		{509238B7-B35A-45ED-AFB9-8EF5CE78294D}.Release|x64.ActiveCfg = Release|Any CPU
		{509238B7-B35A-45ED-AFB9-8EF5CE78294D}.Release|x64.Build.0 = Release|Any CPU
		{509238B7-B35A-45ED-AFB9-8EF5CE78294D}.Release|x86.ActiveCfg = Release|Any CPU
		{509238B7-B35A-45ED-AFB9-8EF5CE78294D}.Release|x86.Build.0 = Release|Any CPU
		{B8F8BBDE-B288-4550-8D5D-97D33E94D831}.Debug|Any CPU.ActiveCfg = Debug|Any CPU
		{B8F8BBDE-B288-4550-8D5D-97D33E94D831}.Debug|Any CPU.Build.0 = Debug|Any CPU
		{B8F8BBDE-B288-4550-8D5D-97D33E94D831}.Debug|x64.ActiveCfg = Debug|Any CPU
		{B8F8BBDE-B288-4550-8D5D-97D33E94D831}.Debug|x64.Build.0 = Debug|Any CPU
		{B8F8BBDE-B288-4550-8D5D-97D33E94D831}.Debug|x86.ActiveCfg = Debug|Any CPU
		{B8F8BBDE-B288-4550-8D5D-97D33E94D831}.Debug|x86.Build.0 = Debug|Any CPU
		{B8F8BBDE-B288-4550-8D5D-97D33E94D831}.Release|Any CPU.ActiveCfg = Release|Any CPU
		{B8F8BBDE-B288-4550-8D5D-97D33E94D831}.Release|Any CPU.Build.0 = Release|Any CPU
		{B8F8BBDE-B288-4550-8D5D-97D33E94D831}.Release|x64.ActiveCfg = Release|Any CPU
		{B8F8BBDE-B288-4550-8D5D-97D33E94D831}.Release|x64.Build.0 = Release|Any CPU
		{B8F8BBDE-B288-4550-8D5D-97D33E94D831}.Release|x86.ActiveCfg = Release|Any CPU
		{B8F8BBDE-B288-4550-8D5D-97D33E94D831}.Release|x86.Build.0 = Release|Any CPU
		{D8267687-2E4D-4235-A427-4F8C7A5117AD}.Debug|Any CPU.ActiveCfg = Debug|Any CPU
		{D8267687-2E4D-4235-A427-4F8C7A5117AD}.Debug|Any CPU.Build.0 = Debug|Any CPU
		{D8267687-2E4D-4235-A427-4F8C7A5117AD}.Debug|x64.ActiveCfg = Debug|Any CPU
		{D8267687-2E4D-4235-A427-4F8C7A5117AD}.Debug|x64.Build.0 = Debug|Any CPU
		{D8267687-2E4D-4235-A427-4F8C7A5117AD}.Debug|x86.ActiveCfg = Debug|Any CPU
		{D8267687-2E4D-4235-A427-4F8C7A5117AD}.Debug|x86.Build.0 = Debug|Any CPU
		{D8267687-2E4D-4235-A427-4F8C7A5117AD}.Release|Any CPU.ActiveCfg = Release|Any CPU
		{D8267687-2E4D-4235-A427-4F8C7A5117AD}.Release|Any CPU.Build.0 = Release|Any CPU
		{D8267687-2E4D-4235-A427-4F8C7A5117AD}.Release|x64.ActiveCfg = Release|Any CPU
		{D8267687-2E4D-4235-A427-4F8C7A5117AD}.Release|x64.Build.0 = Release|Any CPU
		{D8267687-2E4D-4235-A427-4F8C7A5117AD}.Release|x86.ActiveCfg = Release|Any CPU
		{D8267687-2E4D-4235-A427-4F8C7A5117AD}.Release|x86.Build.0 = Release|Any CPU
		{D5E8A01C-727F-4EEC-A84E-1330E99A35E9}.Debug|Any CPU.ActiveCfg = Debug|Any CPU
		{D5E8A01C-727F-4EEC-A84E-1330E99A35E9}.Debug|Any CPU.Build.0 = Debug|Any CPU
		{D5E8A01C-727F-4EEC-A84E-1330E99A35E9}.Debug|x64.ActiveCfg = Debug|Any CPU
		{D5E8A01C-727F-4EEC-A84E-1330E99A35E9}.Debug|x64.Build.0 = Debug|Any CPU
		{D5E8A01C-727F-4EEC-A84E-1330E99A35E9}.Debug|x86.ActiveCfg = Debug|Any CPU
		{D5E8A01C-727F-4EEC-A84E-1330E99A35E9}.Debug|x86.Build.0 = Debug|Any CPU
		{D5E8A01C-727F-4EEC-A84E-1330E99A35E9}.Release|Any CPU.ActiveCfg = Release|Any CPU
		{D5E8A01C-727F-4EEC-A84E-1330E99A35E9}.Release|Any CPU.Build.0 = Release|Any CPU
		{D5E8A01C-727F-4EEC-A84E-1330E99A35E9}.Release|x64.ActiveCfg = Release|Any CPU
		{D5E8A01C-727F-4EEC-A84E-1330E99A35E9}.Release|x64.Build.0 = Release|Any CPU
		{D5E8A01C-727F-4EEC-A84E-1330E99A35E9}.Release|x86.ActiveCfg = Release|Any CPU
		{D5E8A01C-727F-4EEC-A84E-1330E99A35E9}.Release|x86.Build.0 = Release|Any CPU
		{05E0BCCA-351D-408E-8507-CB83F87AE6A3}.Debug|Any CPU.ActiveCfg = Debug|Any CPU
		{05E0BCCA-351D-408E-8507-CB83F87AE6A3}.Debug|Any CPU.Build.0 = Debug|Any CPU
		{05E0BCCA-351D-408E-8507-CB83F87AE6A3}.Debug|x64.ActiveCfg = Debug|Any CPU
		{05E0BCCA-351D-408E-8507-CB83F87AE6A3}.Debug|x64.Build.0 = Debug|Any CPU
		{05E0BCCA-351D-408E-8507-CB83F87AE6A3}.Debug|x86.ActiveCfg = Debug|Any CPU
		{05E0BCCA-351D-408E-8507-CB83F87AE6A3}.Debug|x86.Build.0 = Debug|Any CPU
		{05E0BCCA-351D-408E-8507-CB83F87AE6A3}.Release|Any CPU.ActiveCfg = Release|Any CPU
		{05E0BCCA-351D-408E-8507-CB83F87AE6A3}.Release|Any CPU.Build.0 = Release|Any CPU
		{05E0BCCA-351D-408E-8507-CB83F87AE6A3}.Release|x64.ActiveCfg = Release|Any CPU
		{05E0BCCA-351D-408E-8507-CB83F87AE6A3}.Release|x64.Build.0 = Release|Any CPU
		{05E0BCCA-351D-408E-8507-CB83F87AE6A3}.Release|x86.ActiveCfg = Release|Any CPU
		{05E0BCCA-351D-408E-8507-CB83F87AE6A3}.Release|x86.Build.0 = Release|Any CPU
		{E61C9D67-ED64-4093-90B3-125F4557CD5D}.Debug|Any CPU.ActiveCfg = Debug|Any CPU
		{E61C9D67-ED64-4093-90B3-125F4557CD5D}.Debug|Any CPU.Build.0 = Debug|Any CPU
		{E61C9D67-ED64-4093-90B3-125F4557CD5D}.Debug|x64.ActiveCfg = Debug|Any CPU
		{E61C9D67-ED64-4093-90B3-125F4557CD5D}.Debug|x64.Build.0 = Debug|Any CPU
		{E61C9D67-ED64-4093-90B3-125F4557CD5D}.Debug|x86.ActiveCfg = Debug|Any CPU
		{E61C9D67-ED64-4093-90B3-125F4557CD5D}.Debug|x86.Build.0 = Debug|Any CPU
		{E61C9D67-ED64-4093-90B3-125F4557CD5D}.Release|Any CPU.ActiveCfg = Release|Any CPU
		{E61C9D67-ED64-4093-90B3-125F4557CD5D}.Release|Any CPU.Build.0 = Release|Any CPU
		{E61C9D67-ED64-4093-90B3-125F4557CD5D}.Release|x64.ActiveCfg = Release|Any CPU
		{E61C9D67-ED64-4093-90B3-125F4557CD5D}.Release|x64.Build.0 = Release|Any CPU
		{E61C9D67-ED64-4093-90B3-125F4557CD5D}.Release|x86.ActiveCfg = Release|Any CPU
		{E61C9D67-ED64-4093-90B3-125F4557CD5D}.Release|x86.Build.0 = Release|Any CPU
		{B74094E6-44CD-4022-9B0B-3F9A1DE72B06}.Debug|Any CPU.ActiveCfg = Debug|Any CPU
		{B74094E6-44CD-4022-9B0B-3F9A1DE72B06}.Debug|Any CPU.Build.0 = Debug|Any CPU
		{B74094E6-44CD-4022-9B0B-3F9A1DE72B06}.Debug|x64.ActiveCfg = Debug|Any CPU
		{B74094E6-44CD-4022-9B0B-3F9A1DE72B06}.Debug|x64.Build.0 = Debug|Any CPU
		{B74094E6-44CD-4022-9B0B-3F9A1DE72B06}.Debug|x86.ActiveCfg = Debug|Any CPU
		{B74094E6-44CD-4022-9B0B-3F9A1DE72B06}.Debug|x86.Build.0 = Debug|Any CPU
		{B74094E6-44CD-4022-9B0B-3F9A1DE72B06}.Release|Any CPU.ActiveCfg = Release|Any CPU
		{B74094E6-44CD-4022-9B0B-3F9A1DE72B06}.Release|Any CPU.Build.0 = Release|Any CPU
		{B74094E6-44CD-4022-9B0B-3F9A1DE72B06}.Release|x64.ActiveCfg = Release|Any CPU
		{B74094E6-44CD-4022-9B0B-3F9A1DE72B06}.Release|x64.Build.0 = Release|Any CPU
		{B74094E6-44CD-4022-9B0B-3F9A1DE72B06}.Release|x86.ActiveCfg = Release|Any CPU
		{B74094E6-44CD-4022-9B0B-3F9A1DE72B06}.Release|x86.Build.0 = Release|Any CPU
		{0A2F4E14-7EE5-4B02-B479-DC41F06F65D1}.Debug|Any CPU.ActiveCfg = Debug|Any CPU
		{0A2F4E14-7EE5-4B02-B479-DC41F06F65D1}.Debug|Any CPU.Build.0 = Debug|Any CPU
		{0A2F4E14-7EE5-4B02-B479-DC41F06F65D1}.Debug|x64.ActiveCfg = Debug|Any CPU
		{0A2F4E14-7EE5-4B02-B479-DC41F06F65D1}.Debug|x64.Build.0 = Debug|Any CPU
		{0A2F4E14-7EE5-4B02-B479-DC41F06F65D1}.Debug|x86.ActiveCfg = Debug|Any CPU
		{0A2F4E14-7EE5-4B02-B479-DC41F06F65D1}.Debug|x86.Build.0 = Debug|Any CPU
		{0A2F4E14-7EE5-4B02-B479-DC41F06F65D1}.Release|Any CPU.ActiveCfg = Release|Any CPU
		{0A2F4E14-7EE5-4B02-B479-DC41F06F65D1}.Release|Any CPU.Build.0 = Release|Any CPU
		{0A2F4E14-7EE5-4B02-B479-DC41F06F65D1}.Release|x64.ActiveCfg = Release|Any CPU
		{0A2F4E14-7EE5-4B02-B479-DC41F06F65D1}.Release|x64.Build.0 = Release|Any CPU
		{0A2F4E14-7EE5-4B02-B479-DC41F06F65D1}.Release|x86.ActiveCfg = Release|Any CPU
		{0A2F4E14-7EE5-4B02-B479-DC41F06F65D1}.Release|x86.Build.0 = Release|Any CPU
		{54216538-8B18-4B99-B843-C33785F0DDCD}.Debug|Any CPU.ActiveCfg = Debug|Any CPU
		{54216538-8B18-4B99-B843-C33785F0DDCD}.Debug|Any CPU.Build.0 = Debug|Any CPU
		{54216538-8B18-4B99-B843-C33785F0DDCD}.Debug|x64.ActiveCfg = Debug|Any CPU
		{54216538-8B18-4B99-B843-C33785F0DDCD}.Debug|x64.Build.0 = Debug|Any CPU
		{54216538-8B18-4B99-B843-C33785F0DDCD}.Debug|x86.ActiveCfg = Debug|Any CPU
		{54216538-8B18-4B99-B843-C33785F0DDCD}.Debug|x86.Build.0 = Debug|Any CPU
		{54216538-8B18-4B99-B843-C33785F0DDCD}.Release|Any CPU.ActiveCfg = Release|Any CPU
		{54216538-8B18-4B99-B843-C33785F0DDCD}.Release|Any CPU.Build.0 = Release|Any CPU
		{54216538-8B18-4B99-B843-C33785F0DDCD}.Release|x64.ActiveCfg = Release|Any CPU
		{54216538-8B18-4B99-B843-C33785F0DDCD}.Release|x64.Build.0 = Release|Any CPU
		{54216538-8B18-4B99-B843-C33785F0DDCD}.Release|x86.ActiveCfg = Release|Any CPU
		{54216538-8B18-4B99-B843-C33785F0DDCD}.Release|x86.Build.0 = Release|Any CPU
		{6FC4F0CE-08FF-473C-8401-E4CBE7379F32}.Debug|Any CPU.ActiveCfg = Debug|Any CPU
		{6FC4F0CE-08FF-473C-8401-E4CBE7379F32}.Debug|Any CPU.Build.0 = Debug|Any CPU
		{6FC4F0CE-08FF-473C-8401-E4CBE7379F32}.Debug|x64.ActiveCfg = Debug|Any CPU
		{6FC4F0CE-08FF-473C-8401-E4CBE7379F32}.Debug|x64.Build.0 = Debug|Any CPU
		{6FC4F0CE-08FF-473C-8401-E4CBE7379F32}.Debug|x86.ActiveCfg = Debug|Any CPU
		{6FC4F0CE-08FF-473C-8401-E4CBE7379F32}.Debug|x86.Build.0 = Debug|Any CPU
		{6FC4F0CE-08FF-473C-8401-E4CBE7379F32}.Release|Any CPU.ActiveCfg = Release|Any CPU
		{6FC4F0CE-08FF-473C-8401-E4CBE7379F32}.Release|Any CPU.Build.0 = Release|Any CPU
		{6FC4F0CE-08FF-473C-8401-E4CBE7379F32}.Release|x64.ActiveCfg = Release|Any CPU
		{6FC4F0CE-08FF-473C-8401-E4CBE7379F32}.Release|x64.Build.0 = Release|Any CPU
		{6FC4F0CE-08FF-473C-8401-E4CBE7379F32}.Release|x86.ActiveCfg = Release|Any CPU
		{6FC4F0CE-08FF-473C-8401-E4CBE7379F32}.Release|x86.Build.0 = Release|Any CPU
		{69BDED20-CB52-445B-9073-59E74A5EE0FD}.Debug|Any CPU.ActiveCfg = Debug|Any CPU
		{69BDED20-CB52-445B-9073-59E74A5EE0FD}.Debug|Any CPU.Build.0 = Debug|Any CPU
		{69BDED20-CB52-445B-9073-59E74A5EE0FD}.Debug|x64.ActiveCfg = Debug|Any CPU
		{69BDED20-CB52-445B-9073-59E74A5EE0FD}.Debug|x64.Build.0 = Debug|Any CPU
		{69BDED20-CB52-445B-9073-59E74A5EE0FD}.Debug|x86.ActiveCfg = Debug|Any CPU
		{69BDED20-CB52-445B-9073-59E74A5EE0FD}.Debug|x86.Build.0 = Debug|Any CPU
		{69BDED20-CB52-445B-9073-59E74A5EE0FD}.Release|Any CPU.ActiveCfg = Release|Any CPU
		{69BDED20-CB52-445B-9073-59E74A5EE0FD}.Release|Any CPU.Build.0 = Release|Any CPU
		{69BDED20-CB52-445B-9073-59E74A5EE0FD}.Release|x64.ActiveCfg = Release|Any CPU
		{69BDED20-CB52-445B-9073-59E74A5EE0FD}.Release|x64.Build.0 = Release|Any CPU
		{69BDED20-CB52-445B-9073-59E74A5EE0FD}.Release|x86.ActiveCfg = Release|Any CPU
		{69BDED20-CB52-445B-9073-59E74A5EE0FD}.Release|x86.Build.0 = Release|Any CPU
		{95B236E0-A0C1-45E8-97B1-9835B06C55FA}.Debug|Any CPU.ActiveCfg = Debug|Any CPU
		{95B236E0-A0C1-45E8-97B1-9835B06C55FA}.Debug|Any CPU.Build.0 = Debug|Any CPU
		{95B236E0-A0C1-45E8-97B1-9835B06C55FA}.Debug|x64.ActiveCfg = Debug|Any CPU
		{95B236E0-A0C1-45E8-97B1-9835B06C55FA}.Debug|x64.Build.0 = Debug|Any CPU
		{95B236E0-A0C1-45E8-97B1-9835B06C55FA}.Debug|x86.ActiveCfg = Debug|Any CPU
		{95B236E0-A0C1-45E8-97B1-9835B06C55FA}.Debug|x86.Build.0 = Debug|Any CPU
		{95B236E0-A0C1-45E8-97B1-9835B06C55FA}.Release|Any CPU.ActiveCfg = Release|Any CPU
		{95B236E0-A0C1-45E8-97B1-9835B06C55FA}.Release|Any CPU.Build.0 = Release|Any CPU
		{95B236E0-A0C1-45E8-97B1-9835B06C55FA}.Release|x64.ActiveCfg = Release|Any CPU
		{95B236E0-A0C1-45E8-97B1-9835B06C55FA}.Release|x64.Build.0 = Release|Any CPU
		{95B236E0-A0C1-45E8-97B1-9835B06C55FA}.Release|x86.ActiveCfg = Release|Any CPU
		{95B236E0-A0C1-45E8-97B1-9835B06C55FA}.Release|x86.Build.0 = Release|Any CPU
		{DD2282E4-C1A9-458E-9DEA-DFC4ED746146}.Debug|Any CPU.ActiveCfg = Debug|Any CPU
		{DD2282E4-C1A9-458E-9DEA-DFC4ED746146}.Debug|Any CPU.Build.0 = Debug|Any CPU
		{DD2282E4-C1A9-458E-9DEA-DFC4ED746146}.Debug|x64.ActiveCfg = Debug|Any CPU
		{DD2282E4-C1A9-458E-9DEA-DFC4ED746146}.Debug|x64.Build.0 = Debug|Any CPU
		{DD2282E4-C1A9-458E-9DEA-DFC4ED746146}.Debug|x86.ActiveCfg = Debug|Any CPU
		{DD2282E4-C1A9-458E-9DEA-DFC4ED746146}.Debug|x86.Build.0 = Debug|Any CPU
		{DD2282E4-C1A9-458E-9DEA-DFC4ED746146}.Release|Any CPU.ActiveCfg = Release|Any CPU
		{DD2282E4-C1A9-458E-9DEA-DFC4ED746146}.Release|Any CPU.Build.0 = Release|Any CPU
		{DD2282E4-C1A9-458E-9DEA-DFC4ED746146}.Release|x64.ActiveCfg = Release|Any CPU
		{DD2282E4-C1A9-458E-9DEA-DFC4ED746146}.Release|x64.Build.0 = Release|Any CPU
		{DD2282E4-C1A9-458E-9DEA-DFC4ED746146}.Release|x86.ActiveCfg = Release|Any CPU
		{DD2282E4-C1A9-458E-9DEA-DFC4ED746146}.Release|x86.Build.0 = Release|Any CPU
		{B3102DD6-FBEE-4B11-AAEF-7ECD579F9CAA}.Debug|Any CPU.ActiveCfg = Debug|Any CPU
		{B3102DD6-FBEE-4B11-AAEF-7ECD579F9CAA}.Debug|Any CPU.Build.0 = Debug|Any CPU
		{B3102DD6-FBEE-4B11-AAEF-7ECD579F9CAA}.Debug|x64.ActiveCfg = Debug|Any CPU
		{B3102DD6-FBEE-4B11-AAEF-7ECD579F9CAA}.Debug|x64.Build.0 = Debug|Any CPU
		{B3102DD6-FBEE-4B11-AAEF-7ECD579F9CAA}.Debug|x86.ActiveCfg = Debug|Any CPU
		{B3102DD6-FBEE-4B11-AAEF-7ECD579F9CAA}.Debug|x86.Build.0 = Debug|Any CPU
		{B3102DD6-FBEE-4B11-AAEF-7ECD579F9CAA}.Release|Any CPU.ActiveCfg = Release|Any CPU
		{B3102DD6-FBEE-4B11-AAEF-7ECD579F9CAA}.Release|Any CPU.Build.0 = Release|Any CPU
		{B3102DD6-FBEE-4B11-AAEF-7ECD579F9CAA}.Release|x64.ActiveCfg = Release|Any CPU
		{B3102DD6-FBEE-4B11-AAEF-7ECD579F9CAA}.Release|x64.Build.0 = Release|Any CPU
		{B3102DD6-FBEE-4B11-AAEF-7ECD579F9CAA}.Release|x86.ActiveCfg = Release|Any CPU
		{B3102DD6-FBEE-4B11-AAEF-7ECD579F9CAA}.Release|x86.Build.0 = Release|Any CPU
	EndGlobalSection
	GlobalSection(SolutionProperties) = preSolution
		HideSolutionNode = FALSE
	EndGlobalSection
	GlobalSection(NestedProjects) = preSolution
		{ABCD94AA-3C6C-5AE6-E893-78200D315404} = {5854FF58-B8C5-05C6-5BF2-ACE42193F22B}
		{509238B7-B35A-45ED-AFB9-8EF5CE78294D} = {ABCD94AA-3C6C-5AE6-E893-78200D315404}
		{B8F8BBDE-B288-4550-8D5D-97D33E94D831} = {ABCD94AA-3C6C-5AE6-E893-78200D315404}
		{D8267687-2E4D-4235-A427-4F8C7A5117AD} = {ABCD94AA-3C6C-5AE6-E893-78200D315404}
		{D5E8A01C-727F-4EEC-A84E-1330E99A35E9} = {ABCD94AA-3C6C-5AE6-E893-78200D315404}
		{05E0BCCA-351D-408E-8507-CB83F87AE6A3} = {7266C4A9-E384-DC00-0EB6-47F6002CFBA7}
		{E61C9D67-ED64-4093-90B3-125F4557CD5D} = {7266C4A9-E384-DC00-0EB6-47F6002CFBA7}
		{B74094E6-44CD-4022-9B0B-3F9A1DE72B06} = {7266C4A9-E384-DC00-0EB6-47F6002CFBA7}
		{0A2F4E14-7EE5-4B02-B479-DC41F06F65D1} = {7266C4A9-E384-DC00-0EB6-47F6002CFBA7}
		{54216538-8B18-4B99-B843-C33785F0DDCD} = {7266C4A9-E384-DC00-0EB6-47F6002CFBA7}
		{6FC4F0CE-08FF-473C-8401-E4CBE7379F32} = {7266C4A9-E384-DC00-0EB6-47F6002CFBA7}
		{69BDED20-CB52-445B-9073-59E74A5EE0FD} = {7266C4A9-E384-DC00-0EB6-47F6002CFBA7}
		{95B236E0-A0C1-45E8-97B1-9835B06C55FA} = {7266C4A9-E384-DC00-0EB6-47F6002CFBA7}
		{75BBB701-86E4-11CD-7151-6ADF65564A7B} = {CA253913-39DE-BFD0-C9A3-4B7EC6FBDF17}
		{DD2282E4-C1A9-458E-9DEA-DFC4ED746146} = {75BBB701-86E4-11CD-7151-6ADF65564A7B}
		{B3102DD6-FBEE-4B11-AAEF-7ECD579F9CAA} = {75BBB701-86E4-11CD-7151-6ADF65564A7B}
	EndGlobalSection
EndGlobal
